
Microsoft Visual Studio Solution File, Format Version 12.00
# Visual Studio Version 17
VisualStudioVersion = 17.10.34607.79
MinimumVisualStudioVersion = 10.0.40219.1
Project("{9A19103F-16F7-4668-BE54-9A1E7A4F7556}") = "R2D2", "R2D2\R2D2\R2D2.csproj", "{20D0D0BA-39FE-45D1-9C97-54E77852CBCC}"
EndProject
Project("{9A19103F-16F7-4668-BE54-9A1E7A4F7556}") = "R2D2.Client", "R2D2\R2D2.Client\R2D2.Client.csproj", "{25218239-E891-4EB6-A59B-906C8AD7986B}"
EndProject
Project("{9A19103F-16F7-4668-BE54-9A1E7A4F7556}") = "ZDominio", "Dominio\ZDominio.csproj", "{099F395A-89D2-4225-83A8-61204AB3E3AC}"
EndProject
Global
	GlobalSection(SolutionConfigurationPlatforms) = preSolution
		Debug|Any CPU = Debug|Any CPU
		Release|Any CPU = Release|Any CPU
	EndGlobalSection
	GlobalSection(ProjectConfigurationPlatforms) = postSolution
		{20D0D0BA-39FE-45D1-9C97-54E77852CBCC}.Debug|Any CPU.ActiveCfg = Debug|Any CPU
		{20D0D0BA-39FE-45D1-9C97-54E77852CBCC}.Debug|Any CPU.Build.0 = Debug|Any CPU
		{20D0D0BA-39FE-45D1-9C97-54E77852CBCC}.Release|Any CPU.ActiveCfg = Release|Any CPU
		{20D0D0BA-39FE-45D1-9C97-54E77852CBCC}.Release|Any CPU.Build.0 = Release|Any CPU
		{25218239-E891-4EB6-A59B-906C8AD7986B}.Debug|Any CPU.ActiveCfg = Debug|Any CPU
		{25218239-E891-4EB6-A59B-906C8AD7986B}.Debug|Any CPU.Build.0 = Debug|Any CPU
		{25218239-E891-4EB6-A59B-906C8AD7986B}.Release|Any CPU.ActiveCfg = Release|Any CPU
		{25218239-E891-4EB6-A59B-906C8AD7986B}.Release|Any CPU.Build.0 = Release|Any CPU
		{099F395A-89D2-4225-83A8-61204AB3E3AC}.Debug|Any CPU.ActiveCfg = Debug|Any CPU
		{099F395A-89D2-4225-83A8-61204AB3E3AC}.Debug|Any CPU.Build.0 = Debug|Any CPU
		{099F395A-89D2-4225-83A8-61204AB3E3AC}.Release|Any CPU.ActiveCfg = Release|Any CPU
		{099F395A-89D2-4225-83A8-61204AB3E3AC}.Release|Any CPU.Build.0 = Release|Any CPU
	EndGlobalSection
	GlobalSection(SolutionProperties) = preSolution
		HideSolutionNode = FALSE
	EndGlobalSection
	GlobalSection(ExtensibilityGlobals) = postSolution
		SolutionGuid = {652E5F92-F34B-4322-8A96-B1DDAF29E652}
	EndGlobalSection
EndGlobal
